
Microsoft Visual Studio Solution File, Format Version 12.00
# Visual Studio Version 17
VisualStudioVersion = 17.2.32630.192
MinimumVisualStudioVersion = 10.0.40219.1
Project("{8BC9CEB8-8B4A-11D0-8D11-00A0C91BC942}") = "SecureProject", "SecureProject\SecureProject.vcxproj", "{FDAE6F40-D9A9-480A-8EF1-27602F9C0C4C}"
EndProject
Global
	GlobalSection(SolutionConfigurationPlatforms) = preSolution
		Debug|x64 = Debug|x64
		Debug|x86 = Debug|x86
		Release|x64 = Release|x64
		Release|x86 = Release|x86
	EndGlobalSection
	GlobalSection(ProjectConfigurationPlatforms) = postSolution
		{FDAE6F40-D9A9-480A-8EF1-27602F9C0C4C}.Debug|x64.ActiveCfg = Debug|x64
		{FDAE6F40-D9A9-480A-8EF1-27602F9C0C4C}.Debug|x64.Build.0 = Debug|x64
		{FDAE6F40-D9A9-480A-8EF1-27602F9C0C4C}.Debug|x86.ActiveCfg = Debug|Win32
		{FDAE6F40-D9A9-480A-8EF1-27602F9C0C4C}.Debug|x86.Build.0 = Debug|Win32
		{FDAE6F40-D9A9-480A-8EF1-27602F9C0C4C}.Release|x64.ActiveCfg = Release|x64
		{FDAE6F40-D9A9-480A-8EF1-27602F9C0C4C}.Release|x64.Build.0 = Release|x64
		{FDAE6F40-D9A9-480A-8EF1-27602F9C0C4C}.Release|x86.ActiveCfg = Release|Win32
		{FDAE6F40-D9A9-480A-8EF1-27602F9C0C4C}.Release|x86.Build.0 = Release|Win32
	EndGlobalSection
	GlobalSection(SolutionProperties) = preSolution
		HideSolutionNode = FALSE
	EndGlobalSection
	GlobalSection(ExtensibilityGlobals) = postSolution
		SolutionGuid = {031EF44B-A15B-42BE-98A1-B21F46E12174}
	EndGlobalSection
EndGlobal
